<?xml version="1.0" encoding="utf-8"?>
<Project ToolsVersion="4.0" xmlns="http://schemas.microsoft.com/developer/msbuild/2003">
  <ItemGroup>
    <Filter Include="Source Files">
      <UniqueIdentifier>{4FC737F1-C7A5-4376-A066-2A32D752A2FF}</UniqueIdentifier>
      <Extensions>cpp;c;cc;cxx;def;odl;idl;hpj;bat;asm;asmx</Extensions>
    </Filter>
    <Filter Include="Header Files">
      <UniqueIdentifier>{93995380-89BD-4b04-88EB-625FBE52EBFB}</UniqueIdentifier>
      <Extensions>h;hpp;hxx;hm;inl;inc;xsd</Extensions>
    </Filter>
    <Filter Include="Resource Files">
      <UniqueIdentifier>{67DA6AB6-F800-4c08-8B7A-83BB121AAD01}</UniqueIdentifier>
      <Extensions>rc;ico;cur;bmp;dlg;rc2;rct;bin;rgs;gif;jpg;jpeg;jpe;resx;tiff;tif;png;wav;mfcribbon-ms</Extensions>
    </Filter>
    <Filter Include="Header Files\CompositionClasses">
      <UniqueIdentifier>{f1bfe7d3-a346-475a-8902-9ecb959cce12}</UniqueIdentifier>
    </Filter>
    <Filter Include="Header Files\GeneralClasses">
      <UniqueIdentifier>{ae21e59d-78dd-41ef-9eb7-138b796316ca}</UniqueIdentifier>
    </Filter>
    <Filter Include="Resource Files\Methods">
      <UniqueIdentifier>{0d034a2a-6fbb-4ee1-8538-acca9bc39e50}</UniqueIdentifier>
    </Filter>
  </ItemGroup>
  <ItemGroup>
    <ClCompile Include="Driver.cpp">
      <Filter>Source Files</Filter>
    </ClCompile>
    <ClCompile Include="Client.cpp">
      <Filter>Resource Files\Methods</Filter>
    </ClCompile>
    <ClCompile Include="DateTime.cpp">
      <Filter>Resource Files\Methods</Filter>
    </ClCompile>
    <ClCompile Include="Intervention.cpp">
      <Filter>Resource Files\Methods</Filter>
    </ClCompile>
    <ClCompile Include="Animal.cpp">
      <Filter>Resource Files\Methods</Filter>
    </ClCompile>
    <ClCompile Include="Address.cpp">
      <Filter>Resource Files\Methods</Filter>
    </ClCompile>
    <ClCompile Include="list.cpp">
      <Filter>Resource Files\Methods</Filter>
    </ClCompile>
    <ClCompile Include="Validator.cpp">
      <Filter>Resource Files\Methods</Filter>
    </ClCompile>
  </ItemGroup>
  <ItemGroup>
    <ClInclude Include="Client.h">
      <Filter>Header Files\CompositionClasses</Filter>
    </ClInclude>
    <ClInclude Include="DateTime.h">
      <Filter>Header Files\CompositionClasses</Filter>
    </ClInclude>
    <ClInclude Include="Address.h">
      <Filter>Header Files\CompositionClasses</Filter>
    </ClInclude>
    <ClInclude Include="Animal.h">
      <Filter>Header Files\CompositionClasses</Filter>
    </ClInclude>
    <ClInclude Include="Intervention.h">
      <Filter>Header Files\GeneralClasses</Filter>
    </ClInclude>
    <ClInclude Include="InterventionList.h">
      <Filter>Header Files\GeneralClasses</Filter>
    </ClInclude>
  </ItemGroup>
</Project>